
Microsoft Visual Studio Solution File, Format Version 15.00
# Visual Studio 2017
Project("{FAE04EC0-301F-11D3-BF4B-00C04F79EFBC}") = "CollectionPractice", "CollectionPractice.csproj", "{700FE81A-3925-4AF0-A6D0-4BC8CBE5AB0A}"
EndProject
Global
	GlobalSection(SolutionConfigurationPlatforms) = preSolution
		Debug|Any CPU = Debug|Any CPU
		Release|Any CPU = Release|Any CPU
	EndGlobalSection
	GlobalSection(ProjectConfigurationPlatforms) = postSolution
		{700FE81A-3925-4AF0-A6D0-4BC8CBE5AB0A}.Debug|Any CPU.ActiveCfg = Debug|Any CPU
		{700FE81A-3925-4AF0-A6D0-4BC8CBE5AB0A}.Debug|Any CPU.Build.0 = Debug|Any CPU
		{700FE81A-3925-4AF0-A6D0-4BC8CBE5AB0A}.Release|Any CPU.ActiveCfg = Release|Any CPU
		{700FE81A-3925-4AF0-A6D0-4BC8CBE5AB0A}.Release|Any CPU.Build.0 = Release|Any CPU
	EndGlobalSection
EndGlobal
